// !$*UTF8*$!
{
	archiveVersion = 1;
	classes = {
	};
	objectVersion = 50;
	objects = {

/* Begin PBXBuildFile section */
		2147814DE3F911A0BAD5020E /* Pods_Todoey.framework in Frameworks */ = {isa = PBXBuildFile; fileRef = 15B15B0EA1F8ED7AC2D16206 /* Pods_Todoey.framework */; };
		A639EC602206C65100923232 /* Item.swift in Sources */ = {isa = PBXBuildFile; fileRef = A639EC5F2206C65100923232 /* Item.swift */; };
		A639EC622206D1CF00923232 /* Default-568h@2x.png in Resources */ = {isa = PBXBuildFile; fileRef = A639EC612206D1CF00923232 /* Default-568h@2x.png */; };
		A6444B7A220AC2710013AC0E /* CategoryViewController.swift in Sources */ = {isa = PBXBuildFile; fileRef = A6444B79220AC2710013AC0E /* CategoryViewController.swift */; };
		A65372322208FDE200B6C5B3 /* DataModel.xcdatamodeld in Sources */ = {isa = PBXBuildFile; fileRef = A65372302208FDE200B6C5B3 /* DataModel.xcdatamodeld */; };
		A690D86F2206569E00F2AEB7 /* AppDelegate.swift in Sources */ = {isa = PBXBuildFile; fileRef = A690D86E2206569E00F2AEB7 /* AppDelegate.swift */; };
		A690D8712206569E00F2AEB7 /* TodoListViewController.swift in Sources */ = {isa = PBXBuildFile; fileRef = A690D8702206569E00F2AEB7 /* TodoListViewController.swift */; };
		A690D8742206569E00F2AEB7 /* Main.storyboard in Resources */ = {isa = PBXBuildFile; fileRef = A690D8722206569E00F2AEB7 /* Main.storyboard */; };
		A690D876220656A100F2AEB7 /* Assets.xcassets in Resources */ = {isa = PBXBuildFile; fileRef = A690D875220656A100F2AEB7 /* Assets.xcassets */; };
		A690D879220656A100F2AEB7 /* LaunchScreen.storyboard in Resources */ = {isa = PBXBuildFile; fileRef = A690D877220656A100F2AEB7 /* LaunchScreen.storyboard */; };
/* End PBXBuildFile section */

/* Begin PBXFileReference section */
		15B15B0EA1F8ED7AC2D16206 /* Pods_Todoey.framework */ = {isa = PBXFileReference; explicitFileType = wrapper.framework; includeInIndex = 0; path = Pods_Todoey.framework; sourceTree = BUILT_PRODUCTS_DIR; };
		1C765908F15649B7AB349CF2 /* Pods-Todoey.release.xcconfig */ = {isa = PBXFileReference; includeInIndex = 1; lastKnownFileType = text.xcconfig; name = "Pods-Todoey.release.xcconfig"; path = "Pods/Target Support Files/Pods-Todoey/Pods-Todoey.release.xcconfig"; sourceTree = "<group>"; };
		31F88B023F5D95A7D92C80A1 /* Pods-Todoey.debug.xcconfig */ = {isa = PBXFileReference; includeInIndex = 1; lastKnownFileType = text.xcconfig; name = "Pods-Todoey.debug.xcconfig"; path = "Pods/Target Support Files/Pods-Todoey/Pods-Todoey.debug.xcconfig"; sourceTree = "<group>"; };
		A639EC5F2206C65100923232 /* Item.swift */ = {isa = PBXFileReference; lastKnownFileType = sourcecode.swift; path = Item.swift; sourceTree = "<group>"; };
		A639EC612206D1CF00923232 /* Default-568h@2x.png */ = {isa = PBXFileReference; lastKnownFileType = image.png; path = "Default-568h@2x.png"; sourceTree = "<group>"; };
		A6444B79220AC2710013AC0E /* CategoryViewController.swift */ = {isa = PBXFileReference; lastKnownFileType = sourcecode.swift; path = CategoryViewController.swift; sourceTree = "<group>"; };
		A65372312208FDE200B6C5B3 /* DataModel.xcdatamodel */ = {isa = PBXFileReference; lastKnownFileType = wrapper.xcdatamodel; path = DataModel.xcdatamodel; sourceTree = "<group>"; };
		A690D86B2206569E00F2AEB7 /* Todoey.app */ = {isa = PBXFileReference; explicitFileType = wrapper.application; includeInIndex = 0; path = Todoey.app; sourceTree = BUILT_PRODUCTS_DIR; };
		A690D86E2206569E00F2AEB7 /* AppDelegate.swift */ = {isa = PBXFileReference; lastKnownFileType = sourcecode.swift; path = AppDelegate.swift; sourceTree = "<group>"; };
		A690D8702206569E00F2AEB7 /* TodoListViewController.swift */ = {isa = PBXFileReference; lastKnownFileType = sourcecode.swift; path = TodoListViewController.swift; sourceTree = "<group>"; };
		A690D8732206569E00F2AEB7 /* Base */ = {isa = PBXFileReference; lastKnownFileType = file.storyboard; name = Base; path = Base.lproj/Main.storyboard; sourceTree = "<group>"; };
		A690D875220656A100F2AEB7 /* Assets.xcassets */ = {isa = PBXFileReference; lastKnownFileType = folder.assetcatalog; path = Assets.xcassets; sourceTree = "<group>"; };
		A690D878220656A100F2AEB7 /* Base */ = {isa = PBXFileReference; lastKnownFileType = file.storyboard; name = Base; path = Base.lproj/LaunchScreen.storyboard; sourceTree = "<group>"; };
		A690D87A220656A100F2AEB7 /* Info.plist */ = {isa = PBXFileReference; lastKnownFileType = text.plist.xml; path = Info.plist; sourceTree = "<group>"; };
/* End PBXFileReference section */

/* Begin PBXFrameworksBuildPhase section */
		A690D8682206569E00F2AEB7 /* Frameworks */ = {
			isa = PBXFrameworksBuildPhase;
			buildActionMask = 2147483647;
			files = (
				2147814DE3F911A0BAD5020E /* Pods_Todoey.framework in Frameworks */,
			);
			runOnlyForDeploymentPostprocessing = 0;
		};
/* End PBXFrameworksBuildPhase section */

/* Begin PBXGroup section */
		1B8252A26087DCA271B03611 /* Frameworks */ = {
			isa = PBXGroup;
			children = (
				15B15B0EA1F8ED7AC2D16206 /* Pods_Todoey.framework */,
			);
			name = Frameworks;
			sourceTree = "<group>";
		};
		3FFDC53C1DD4F4A15D29BCB1 /* Pods */ = {
			isa = PBXGroup;
			children = (
				31F88B023F5D95A7D92C80A1 /* Pods-Todoey.debug.xcconfig */,
				1C765908F15649B7AB349CF2 /* Pods-Todoey.release.xcconfig */,
			);
			name = Pods;
			sourceTree = "<group>";
		};
		A639EC5B2206C47300923232 /* Model */ = {
			isa = PBXGroup;
			children = (
				A65372302208FDE200B6C5B3 /* DataModel.xcdatamodeld */,
				A639EC5F2206C65100923232 /* Item.swift */,
			);
			path = Model;
			sourceTree = "<group>";
		};
		A639EC5C2206C48700923232 /* View */ = {
			isa = PBXGroup;
			children = (
				A690D8722206569E00F2AEB7 /* Main.storyboard */,
				A690D877220656A100F2AEB7 /* LaunchScreen.storyboard */,
			);
			path = View;
			sourceTree = "<group>";
		};
		A639EC5D2206C48F00923232 /* Controller */ = {
			isa = PBXGroup;
			children = (
				A690D8702206569E00F2AEB7 /* TodoListViewController.swift */,
				A6444B79220AC2710013AC0E /* CategoryViewController.swift */,
				A690D86E2206569E00F2AEB7 /* AppDelegate.swift */,
			);
			path = Controller;
			sourceTree = "<group>";
		};
		A639EC5E2206C4B000923232 /* Support Files */ = {
			isa = PBXGroup;
			children = (
				A690D875220656A100F2AEB7 /* Assets.xcassets */,
			);
			path = "Support Files";
			sourceTree = "<group>";
		};
		A690D8622206569E00F2AEB7 = {
			isa = PBXGroup;
			children = (
				A639EC612206D1CF00923232 /* Default-568h@2x.png */,
				A690D86D2206569E00F2AEB7 /* Todoey */,
				A690D86C2206569E00F2AEB7 /* Products */,
				3FFDC53C1DD4F4A15D29BCB1 /* Pods */,
				1B8252A26087DCA271B03611 /* Frameworks */,
			);
			sourceTree = "<group>";
		};
		A690D86C2206569E00F2AEB7 /* Products */ = {
			isa = PBXGroup;
			children = (
				A690D86B2206569E00F2AEB7 /* Todoey.app */,
			);
			name = Products;
			sourceTree = "<group>";
		};
		A690D86D2206569E00F2AEB7 /* Todoey */ = {
			isa = PBXGroup;
			children = (
				A690D87A220656A100F2AEB7 /* Info.plist */,
				A639EC5E2206C4B000923232 /* Support Files */,
				A639EC5B2206C47300923232 /* Model */,
				A639EC5D2206C48F00923232 /* Controller */,
				A639EC5C2206C48700923232 /* View */,
			);
			path = Todoey;
			sourceTree = "<group>";
		};
/* End PBXGroup section */

/* Begin PBXNativeTarget section */
		A690D86A2206569E00F2AEB7 /* Todoey */ = {
			isa = PBXNativeTarget;
			buildConfigurationList = A690D87D220656A100F2AEB7 /* Build configuration list for PBXNativeTarget "Todoey" */;
			buildPhases = (
				B29EAFA225D49019DD1B2E0E /* [CP] Check Pods Manifest.lock */,
				A690D8672206569E00F2AEB7 /* Sources */,
				A690D8682206569E00F2AEB7 /* Frameworks */,
				A690D8692206569E00F2AEB7 /* Resources */,
				1B5B416C56D57E7B3E37C087 /* [CP] Embed Pods Frameworks */,
			);
			buildRules = (
			);
			dependencies = (
			);
			name = Todoey;
			productName = Todoey;
			productReference = A690D86B2206569E00F2AEB7 /* Todoey.app */;
			productType = "com.apple.product-type.application";
		};
/* End PBXNativeTarget section */

/* Begin PBXProject section */
		A690D8632206569E00F2AEB7 /* Project object */ = {
			isa = PBXProject;
			attributes = {
				LastSwiftUpdateCheck = 1010;
				LastUpgradeCheck = 1010;
				ORGANIZATIONNAME = "Mathhew MA";
				TargetAttributes = {
					A690D86A2206569E00F2AEB7 = {
						CreatedOnToolsVersion = 10.1;
					};
				};
			};
			buildConfigurationList = A690D8662206569E00F2AEB7 /* Build configuration list for PBXProject "Todoey" */;
			compatibilityVersion = "Xcode 9.3";
			developmentRegion = en;
			hasScannedForEncodings = 0;
			knownRegions = (
				en,
				Base,
			);
			mainGroup = A690D8622206569E00F2AEB7;
			productRefGroup = A690D86C2206569E00F2AEB7 /* Products */;
			projectDirPath = "";
			projectRoot = "";
			targets = (
				A690D86A2206569E00F2AEB7 /* Todoey */,
			);
		};
/* End PBXProject section */

/* Begin PBXResourcesBuildPhase section */
		A690D8692206569E00F2AEB7 /* Resources */ = {
			isa = PBXResourcesBuildPhase;
			buildActionMask = 2147483647;
			files = (
				A690D879220656A100F2AEB7 /* LaunchScreen.storyboard in Resources */,
				A639EC622206D1CF00923232 /* Default-568h@2x.png in Resources */,
				A690D876220656A100F2AEB7 /* Assets.xcassets in Resources */,
				A690D8742206569E00F2AEB7 /* Main.storyboard in Resources */,
			);
			runOnlyForDeploymentPostprocessing = 0;
		};
/* End PBXResourcesBuildPhase section */

/* Begin PBXShellScriptBuildPhase section */
		1B5B416C56D57E7B3E37C087 /* [CP] Embed Pods Frameworks */ = {
			isa = PBXShellScriptBuildPhase;
			buildActionMask = 2147483647;
			files = (
			);
			inputFileListPaths = (
			);
			inputPaths = (
				"${SRCROOT}/Pods/Target Support Files/Pods-Todoey/Pods-Todoey-frameworks.sh",
				"${BUILT_PRODUCTS_DIR}/Realm/Realm.framework",
				"${BUILT_PRODUCTS_DIR}/RealmSwift/RealmSwift.framework",
			);
			name = "[CP] Embed Pods Frameworks";
			outputFileListPaths = (
			);
			outputPaths = (
				"${TARGET_BUILD_DIR}/${FRAMEWORKS_FOLDER_PATH}/Realm.framework",
				"${TARGET_BUILD_DIR}/${FRAMEWORKS_FOLDER_PATH}/RealmSwift.framework",
			);
			runOnlyForDeploymentPostprocessing = 0;
			shellPath = /bin/sh;
			shellScript = "\"${SRCROOT}/Pods/Target Support Files/Pods-Todoey/Pods-Todoey-frameworks.sh\"\n";
			showEnvVarsInLog = 0;
		};
		B29EAFA225D49019DD1B2E0E /* [CP] Check Pods Manifest.lock */ = {
			isa = PBXShellScriptBuildPhase;
			buildActionMask = 2147483647;
			files = (
			);
			inputFileListPaths = (
			);
			inputPaths = (
				"${PODS_PODFILE_DIR_PATH}/Podfile.lock",
				"${PODS_ROOT}/Manifest.lock",
			);
			name = "[CP] Check Pods Manifest.lock";
			outputFileListPaths = (
			);
			outputPaths = (
				"$(DERIVED_FILE_DIR)/Pods-Todoey-checkManifestLockResult.txt",
			);
			runOnlyForDeploymentPostprocessing = 0;
			shellPath = /bin/sh;
			shellScript = "diff \"${PODS_PODFILE_DIR_PATH}/Podfile.lock\" \"${PODS_ROOT}/Manifest.lock\" > /dev/null\nif [ $? != 0 ] ; then\n    # print error to STDERR\n    echo \"error: The sandbox is not in sync with the Podfile.lock. Run 'pod install' or update your CocoaPods installation.\" >&2\n    exit 1\nfi\n# This output is used by Xcode 'outputs' to avoid re-running this script phase.\necho \"SUCCESS\" > \"${SCRIPT_OUTPUT_FILE_0}\"\n";
			showEnvVarsInLog = 0;
		};
/* End PBXShellScriptBuildPhase section */

/* Begin PBXSourcesBuildPhase section */
		A690D8672206569E00F2AEB7 /* Sources */ = {
			isa = PBXSourcesBuildPhase;
			buildActionMask = 2147483647;
			files = (
				A6444B7A220AC2710013AC0E /* CategoryViewController.swift in Sources */,
				A690D8712206569E00F2AEB7 /* TodoListViewController.swift in Sources */,
				A65372322208FDE200B6C5B3 /* DataModel.xcdatamodeld in Sources */,
				A639EC602206C65100923232 /* Item.swift in Sources */,
				A690D86F2206569E00F2AEB7 /* AppDelegate.swift in Sources */,
			);
			runOnlyForDeploymentPostprocessing = 0;
		};
/* End PBXSourcesBuildPhase section */

/* Begin PBXVariantGroup section */
		A690D8722206569E00F2AEB7 /* Main.storyboard */ = {
			isa = PBXVariantGroup;
			children = (
				A690D8732206569E00F2AEB7 /* Base */,
			);
			name = Main.storyboard;
			sourceTree = "<group>";
		};
		A690D877220656A100F2AEB7 /* LaunchScreen.storyboard */ = {
			isa = PBXVariantGroup;
			children = (
				A690D878220656A100F2AEB7 /* Base */,
			);
			name = LaunchScreen.storyboard;
			sourceTree = "<group>";
		};
/* End PBXVariantGroup section */

/* Begin XCBuildConfiguration section */
		A690D87B220656A100F2AEB7 /* Debug */ = {
			isa = XCBuildConfiguration;
			buildSettings = {
				ALWAYS_SEARCH_USER_PATHS = NO;
				CLANG_ANALYZER_NONNULL = YES;
				CLANG_ANALYZER_NUMBER_OBJECT_CONVERSION = YES_AGGRESSIVE;
				CLANG_CXX_LANGUAGE_STANDARD = "gnu++14";
				CLANG_CXX_LIBRARY = "libc++";
				CLANG_ENABLE_MODULES = YES;
				CLANG_ENABLE_OBJC_ARC = YES;
				CLANG_ENABLE_OBJC_WEAK = YES;
				CLANG_WARN_BLOCK_CAPTURE_AUTORELEASING = YES;
				CLANG_WARN_BOOL_CONVERSION = YES;
				CLANG_WARN_COMMA = YES;
				CLANG_WARN_CONSTANT_CONVERSION = YES;
				CLANG_WARN_DEPRECATED_OBJC_IMPLEMENTATIONS = YES;
				CLANG_WARN_DIRECT_OBJC_ISA_USAGE = YES_ERROR;
				CLANG_WARN_DOCUMENTATION_COMMENTS = YES;
				CLANG_WARN_EMPTY_BODY = YES;
				CLANG_WARN_ENUM_CONVERSION = YES;
				CLANG_WARN_INFINITE_RECURSION = YES;
				CLANG_WARN_INT_CONVERSION = YES;
				CLANG_WARN_NON_LITERAL_NULL_CONVERSION = YES;
				CLANG_WARN_OBJC_IMPLICIT_RETAIN_SELF = YES;
				CLANG_WARN_OBJC_LITERAL_CONVERSION = YES;
				CLANG_WARN_OBJC_ROOT_CLASS = YES_ERROR;
				CLANG_WARN_RANGE_LOOP_ANALYSIS = YES;
				CLANG_WARN_STRICT_PROTOTYPES = YES;
				CLANG_WARN_SUSPICIOUS_MOVE = YES;
				CLANG_WARN_UNGUARDED_AVAILABILITY = YES_AGGRESSIVE;
				CLANG_WARN_UNREACHABLE_CODE = YES;
				CLANG_WARN__DUPLICATE_METHOD_MATCH = YES;
				CODE_SIGN_IDENTITY = "iPhone Developer";
				COPY_PHASE_STRIP = NO;
				DEBUG_INFORMATION_FORMAT = dwarf;
				ENABLE_STRICT_OBJC_MSGSEND = YES;
				ENABLE_TESTABILITY = YES;
				GCC_C_LANGUAGE_STANDARD = gnu11;
				GCC_DYNAMIC_NO_PIC = NO;
				GCC_NO_COMMON_BLOCKS = YES;
				GCC_OPTIMIZATION_LEVEL = 0;
				GCC_PREPROCESSOR_DEFINITIONS = (
					"DEBUG=1",
					"$(inherited)",
				);
				GCC_WARN_64_TO_32_BIT_CONVERSION = YES;
				GCC_WARN_ABOUT_RETURN_TYPE = YES_ERROR;
				GCC_WARN_UNDECLARED_SELECTOR = YES;
				GCC_WARN_UNINITIALIZED_AUTOS = YES_AGGRESSIVE;
				GCC_WARN_UNUSED_FUNCTION = YES;
				GCC_WARN_UNUSED_VARIABLE = YES;
				IPHONEOS_DEPLOYMENT_TARGET = 12.1;
				MTL_ENABLE_DEBUG_INFO = INCLUDE_SOURCE;
				MTL_FAST_MATH = YES;
				ONLY_ACTIVE_ARCH = YES;
				SDKROOT = iphoneos;
				SWIFT_ACTIVE_COMPILATION_CONDITIONS = DEBUG;
				SWIFT_OPTIMIZATION_LEVEL = "-Onone";
			};
			name = Debug;
		};
		A690D87C220656A100F2AEB7 /* Release */ = {
			isa = XCBuildConfiguration;
			buildSettings = {
				ALWAYS_SEARCH_USER_PATHS = NO;
				CLANG_ANALYZER_NONNULL = YES;
				CLANG_ANALYZER_NUMBER_OBJECT_CONVERSION = YES_AGGRESSIVE;
				CLANG_CXX_LANGUAGE_STANDARD = "gnu++14";
				CLANG_CXX_LIBRARY = "libc++";
				CLANG_ENABLE_MODULES = YES;
				CLANG_ENABLE_OBJC_ARC = YES;
				CLANG_ENABLE_OBJC_WEAK = YES;
				CLANG_WARN_BLOCK_CAPTURE_AUTORELEASING = YES;
				CLANG_WARN_BOOL_CONVERSION = YES;
				CLANG_WARN_COMMA = YES;
				CLANG_WARN_CONSTANT_CONVERSION = YES;
				CLANG_WARN_DEPRECATED_OBJC_IMPLEMENTATIONS = YES;
				CLANG_WARN_DIRECT_OBJC_ISA_USAGE = YES_ERROR;
				CLANG_WARN_DOCUMENTATION_COMMENTS = YES;
				CLANG_WARN_EMPTY_BODY = YES;
				CLANG_WARN_ENUM_CONVERSION = YES;
				CLANG_WARN_INFINITE_RECURSION = YES;
				CLANG_WARN_INT_CONVERSION = YES;
				CLANG_WARN_NON_LITERAL_NULL_CONVERSION = YES;
				CLANG_WARN_OBJC_IMPLICIT_RETAIN_SELF = YES;
				CLANG_WARN_OBJC_LITERAL_CONVERSION = YES;
				CLANG_WARN_OBJC_ROOT_CLASS = YES_ERROR;
				CLANG_WARN_RANGE_LOOP_ANALYSIS = YES;
				CLANG_WARN_STRICT_PROTOTYPES = YES;
				CLANG_WARN_SUSPICIOUS_MOVE = YES;
				CLANG_WARN_UNGUARDED_AVAILABILITY = YES_AGGRESSIVE;
				CLANG_WARN_UNREACHABLE_CODE = YES;
				CLANG_WARN__DUPLICATE_METHOD_MATCH = YES;
				CODE_SIGN_IDENTITY = "iPhone Developer";
				COPY_PHASE_STRIP = NO;
				DEBUG_INFORMATION_FORMAT = "dwarf-with-dsym";
				ENABLE_NS_ASSERTIONS = NO;
				ENABLE_STRICT_OBJC_MSGSEND = YES;
				GCC_C_LANGUAGE_STANDARD = gnu11;
				GCC_NO_COMMON_BLOCKS = YES;
				GCC_WARN_64_TO_32_BIT_CONVERSION = YES;
				GCC_WARN_ABOUT_RETURN_TYPE = YES_ERROR;
				GCC_WARN_UNDECLARED_SELECTOR = YES;
				GCC_WARN_UNINITIALIZED_AUTOS = YES_AGGRESSIVE;
				GCC_WARN_UNUSED_FUNCTION = YES;
				GCC_WARN_UNUSED_VARIABLE = YES;
				IPHONEOS_DEPLOYMENT_TARGET = 12.1;
				MTL_ENABLE_DEBUG_INFO = NO;
				MTL_FAST_MATH = YES;
				SDKROOT = iphoneos;
				SWIFT_COMPILATION_MODE = wholemodule;
				SWIFT_OPTIMIZATION_LEVEL = "-O";
				VALIDATE_PRODUCT = YES;
			};
			name = Release;
		};
		A690D87E220656A100F2AEB7 /* Debug */ = {
			isa = XCBuildConfiguration;
			baseConfigurationReference = 31F88B023F5D95A7D92C80A1 /* Pods-Todoey.debug.xcconfig */;
			buildSettings = {
				ASSETCATALOG_COMPILER_APPICON_NAME = AppIcon;
				CODE_SIGN_STYLE = Automatic;
				DEVELOPMENT_TEAM = HA7P6Y485G;
				INFOPLIST_FILE = Todoey/Info.plist;
				LD_RUNPATH_SEARCH_PATHS = (
					"$(inherited)",
					"@executable_path/Frameworks",
				);
				PRODUCT_BUNDLE_IDENTIFIER = com.matthewma.Todoey;
				PRODUCT_NAME = "$(TARGET_NAME)";
				SWIFT_VERSION = 4.2;
				TARGETED_DEVICE_FAMILY = "1,2";
			};
			name = Debug;
		};
		A690D87F220656A100F2AEB7 /* Release */ = {
			isa = XCBuildConfiguration;
			baseConfigurationReference = 1C765908F15649B7AB349CF2 /* Pods-Todoey.release.xcconfig */;
			buildSettings = {
				ASSETCATALOG_COMPILER_APPICON_NAME = AppIcon;
				CODE_SIGN_STYLE = Automatic;
				DEVELOPMENT_TEAM = HA7P6Y485G;
				INFOPLIST_FILE = Todoey/Info.plist;
				LD_RUNPATH_SEARCH_PATHS = (
					"$(inherited)",
					"@executable_path/Frameworks",
				);
				PRODUCT_BUNDLE_IDENTIFIER = com.matthewma.Todoey;
				PRODUCT_NAME = "$(TARGET_NAME)";
				SWIFT_VERSION = 4.2;
				TARGETED_DEVICE_FAMILY = "1,2";
			};
			name = Release;
		};
/* End XCBuildConfiguration section */

/* Begin XCConfigurationList section */
		A690D8662206569E00F2AEB7 /* Build configuration list for PBXProject "Todoey" */ = {
			isa = XCConfigurationList;
			buildConfigurations = (
				A690D87B220656A100F2AEB7 /* Debug */,
				A690D87C220656A100F2AEB7 /* Release */,
			);
			defaultConfigurationIsVisible = 0;
			defaultConfigurationName = Release;
		};
		A690D87D220656A100F2AEB7 /* Build configuration list for PBXNativeTarget "Todoey" */ = {
			isa = XCConfigurationList;
			buildConfigurations = (
				A690D87E220656A100F2AEB7 /* Debug */,
				A690D87F220656A100F2AEB7 /* Release */,
			);
			defaultConfigurationIsVisible = 0;
			defaultConfigurationName = Release;
		};
/* End XCConfigurationList section */

/* Begin XCVersionGroup section */
		A65372302208FDE200B6C5B3 /* DataModel.xcdatamodeld */ = {
			isa = XCVersionGroup;
			children = (
				A65372312208FDE200B6C5B3 /* DataModel.xcdatamodel */,
			);
			currentVersion = A65372312208FDE200B6C5B3 /* DataModel.xcdatamodel */;
			path = DataModel.xcdatamodeld;
			sourceTree = "<group>";
			versionGroupType = wrapper.xcdatamodel;
		};
/* End XCVersionGroup section */
	};
	rootObject = A690D8632206569E00F2AEB7 /* Project object */;
}
